// !$*UTF8*$!
{
	archiveVersion = 1;
	classes = {
	};
	objectVersion = 55;
	objects = {

/* Begin PBXBuildFile section */
		9F12AC6F27FC3F910099337B /* MainCollectionViewController.swift in Sources */ = {isa = PBXBuildFile; fileRef = 9F12AC6E27FC3F910099337B /* MainCollectionViewController.swift */; };
		9F12AC7A27FDC5040099337B /* MainViewCell.swift in Sources */ = {isa = PBXBuildFile; fileRef = 9F12AC7827FDC5040099337B /* MainViewCell.swift */; };
		9F12AC7B27FDC5040099337B /* MainViewCell.xib in Resources */ = {isa = PBXBuildFile; fileRef = 9F12AC7927FDC5040099337B /* MainViewCell.xib */; };
		9F12ACD12801C5260099337B /* GenreTableViewController.swift in Sources */ = {isa = PBXBuildFile; fileRef = 9F12ACD02801C5260099337B /* GenreTableViewController.swift */; };
		9F12ACDB280305260099337B /* GenreViewCell.swift in Sources */ = {isa = PBXBuildFile; fileRef = 9F12ACDA280305260099337B /* GenreViewCell.swift */; };
		9F12ACDD28036CAF0099337B /* GenreListViewController.swift in Sources */ = {isa = PBXBuildFile; fileRef = 9F12ACDC28036CAF0099337B /* GenreListViewController.swift */; };
		9F12ACE02804BFB10099337B /* Genre.swift in Sources */ = {isa = PBXBuildFile; fileRef = 9F12ACDF2804BFB10099337B /* Genre.swift */; };
		9F12ACE52806A16B0099337B /* NetworkGenresManager.swift in Sources */ = {isa = PBXBuildFile; fileRef = 9F12ACE42806A16B0099337B /* NetworkGenresManager.swift */; };
		9F12ACE72806A2550099337B /* GenresData.swift in Sources */ = {isa = PBXBuildFile; fileRef = 9F12ACE62806A2550099337B /* GenresData.swift */; };
		9F12ACEB2806D8BA0099337B /* GenreListCell.swift in Sources */ = {isa = PBXBuildFile; fileRef = 9F12ACEA2806D8BA0099337B /* GenreListCell.swift */; };
		9F12ACEF280D9E050099337B /* LoadingView.swift in Sources */ = {isa = PBXBuildFile; fileRef = 9F12ACEE280D9E050099337B /* LoadingView.swift */; };
		9F12ACF128109DA00099337B /* GenreListFooterCell.swift in Sources */ = {isa = PBXBuildFile; fileRef = 9F12ACF028109DA00099337B /* GenreListFooterCell.swift */; };
		9F12ACF328109F280099337B /* FilmDetailViewController.swift in Sources */ = {isa = PBXBuildFile; fileRef = 9F12ACF228109F270099337B /* FilmDetailViewController.swift */; };
		9F12ACF6281347AB0099337B /* ActorSearchViewController.swift in Sources */ = {isa = PBXBuildFile; fileRef = 9F12ACF5281347AB0099337B /* ActorSearchViewController.swift */; };
		9F12ACF828172B260099337B /* ActorListViewController.swift in Sources */ = {isa = PBXBuildFile; fileRef = 9F12ACF728172B250099337B /* ActorListViewController.swift */; };
		9F12ACFB281822FB0099337B /* ActorsData.swift in Sources */ = {isa = PBXBuildFile; fileRef = 9F12ACFA281822FB0099337B /* ActorsData.swift */; };
		9F12ACFD281824780099337B /* MainButton.swift in Sources */ = {isa = PBXBuildFile; fileRef = 9F12ACFC281824780099337B /* MainButton.swift */; };
		9F12ACFF281824A20099337B /* NetworkActorManager.swift in Sources */ = {isa = PBXBuildFile; fileRef = 9F12ACFE281824A20099337B /* NetworkActorManager.swift */; };
		9F12AD01281832A70099337B /* ActorsListViewCell.swift in Sources */ = {isa = PBXBuildFile; fileRef = 9F12AD00281832A70099337B /* ActorsListViewCell.swift */; };
		9F1C0BD42819864C006B24A2 /* ActorFilmsViewController.swift in Sources */ = {isa = PBXBuildFile; fileRef = 9F1C0BD32819864C006B24A2 /* ActorFilmsViewController.swift */; };
		9F93576D27F718E8007B54B5 /* AppDelegate.swift in Sources */ = {isa = PBXBuildFile; fileRef = 9F93576C27F718E8007B54B5 /* AppDelegate.swift */; };
		9F93576F27F718E8007B54B5 /* SceneDelegate.swift in Sources */ = {isa = PBXBuildFile; fileRef = 9F93576E27F718E8007B54B5 /* SceneDelegate.swift */; };
		9F93577427F718E8007B54B5 /* Main.storyboard in Resources */ = {isa = PBXBuildFile; fileRef = 9F93577227F718E8007B54B5 /* Main.storyboard */; };
		9F93577627F718EA007B54B5 /* Assets.xcassets in Resources */ = {isa = PBXBuildFile; fileRef = 9F93577527F718EA007B54B5 /* Assets.xcassets */; };
		9F93577927F718EA007B54B5 /* LaunchScreen.storyboard in Resources */ = {isa = PBXBuildFile; fileRef = 9F93577727F718EA007B54B5 /* LaunchScreen.storyboard */; };
		9FA26B3327FAFA5A00010907 /* some.swift in Sources */ = {isa = PBXBuildFile; fileRef = 9FA26B3227FAFA5A00010907 /* some.swift */; };
/* End PBXBuildFile section */

/* Begin PBXFileReference section */
		9F12AC6E27FC3F910099337B /* MainCollectionViewController.swift */ = {isa = PBXFileReference; lastKnownFileType = sourcecode.swift; path = MainCollectionViewController.swift; sourceTree = "<group>"; };
		9F12AC7827FDC5040099337B /* MainViewCell.swift */ = {isa = PBXFileReference; lastKnownFileType = sourcecode.swift; path = MainViewCell.swift; sourceTree = "<group>"; };
		9F12AC7927FDC5040099337B /* MainViewCell.xib */ = {isa = PBXFileReference; lastKnownFileType = file.xib; path = MainViewCell.xib; sourceTree = "<group>"; };
		9F12ACD02801C5260099337B /* GenreTableViewController.swift */ = {isa = PBXFileReference; lastKnownFileType = sourcecode.swift; path = GenreTableViewController.swift; sourceTree = "<group>"; };
		9F12ACDA280305260099337B /* GenreViewCell.swift */ = {isa = PBXFileReference; lastKnownFileType = sourcecode.swift; path = GenreViewCell.swift; sourceTree = "<group>"; };
		9F12ACDC28036CAF0099337B /* GenreListViewController.swift */ = {isa = PBXFileReference; lastKnownFileType = sourcecode.swift; path = GenreListViewController.swift; sourceTree = "<group>"; };
		9F12ACDF2804BFB10099337B /* Genre.swift */ = {isa = PBXFileReference; lastKnownFileType = sourcecode.swift; path = Genre.swift; sourceTree = "<group>"; };
		9F12ACE42806A16B0099337B /* NetworkGenresManager.swift */ = {isa = PBXFileReference; lastKnownFileType = sourcecode.swift; path = NetworkGenresManager.swift; sourceTree = "<group>"; };
		9F12ACE62806A2550099337B /* GenresData.swift */ = {isa = PBXFileReference; lastKnownFileType = sourcecode.swift; path = GenresData.swift; sourceTree = "<group>"; };
		9F12ACEA2806D8BA0099337B /* GenreListCell.swift */ = {isa = PBXFileReference; lastKnownFileType = sourcecode.swift; path = GenreListCell.swift; sourceTree = "<group>"; };
		9F12ACEE280D9E050099337B /* LoadingView.swift */ = {isa = PBXFileReference; lastKnownFileType = sourcecode.swift; path = LoadingView.swift; sourceTree = "<group>"; };
		9F12ACF028109DA00099337B /* GenreListFooterCell.swift */ = {isa = PBXFileReference; lastKnownFileType = sourcecode.swift; path = GenreListFooterCell.swift; sourceTree = "<group>"; };
		9F12ACF228109F270099337B /* FilmDetailViewController.swift */ = {isa = PBXFileReference; lastKnownFileType = sourcecode.swift; path = FilmDetailViewController.swift; sourceTree = "<group>"; };
		9F12ACF5281347AB0099337B /* ActorSearchViewController.swift */ = {isa = PBXFileReference; lastKnownFileType = sourcecode.swift; path = ActorSearchViewController.swift; sourceTree = "<group>"; };
		9F12ACF728172B250099337B /* ActorListViewController.swift */ = {isa = PBXFileReference; lastKnownFileType = sourcecode.swift; path = ActorListViewController.swift; sourceTree = "<group>"; };
		9F12ACFA281822FB0099337B /* ActorsData.swift */ = {isa = PBXFileReference; lastKnownFileType = sourcecode.swift; path = ActorsData.swift; sourceTree = "<group>"; };
		9F12ACFC281824780099337B /* MainButton.swift */ = {isa = PBXFileReference; fileEncoding = 4; lastKnownFileType = sourcecode.swift; path = MainButton.swift; sourceTree = "<group>"; };
		9F12ACFE281824A20099337B /* NetworkActorManager.swift */ = {isa = PBXFileReference; lastKnownFileType = sourcecode.swift; path = NetworkActorManager.swift; sourceTree = "<group>"; };
		9F12AD00281832A70099337B /* ActorsListViewCell.swift */ = {isa = PBXFileReference; lastKnownFileType = sourcecode.swift; path = ActorsListViewCell.swift; sourceTree = "<group>"; };
		9F1C0BD32819864C006B24A2 /* ActorFilmsViewController.swift */ = {isa = PBXFileReference; lastKnownFileType = sourcecode.swift; path = ActorFilmsViewController.swift; sourceTree = "<group>"; };
		9F93576927F718E8007B54B5 /* MovieChooser.app */ = {isa = PBXFileReference; explicitFileType = wrapper.application; includeInIndex = 0; path = MovieChooser.app; sourceTree = BUILT_PRODUCTS_DIR; };
		9F93576C27F718E8007B54B5 /* AppDelegate.swift */ = {isa = PBXFileReference; lastKnownFileType = sourcecode.swift; path = AppDelegate.swift; sourceTree = "<group>"; };
		9F93576E27F718E8007B54B5 /* SceneDelegate.swift */ = {isa = PBXFileReference; lastKnownFileType = sourcecode.swift; path = SceneDelegate.swift; sourceTree = "<group>"; };
		9F93577327F718E8007B54B5 /* Base */ = {isa = PBXFileReference; lastKnownFileType = file.storyboard; name = Base; path = Base.lproj/Main.storyboard; sourceTree = "<group>"; };
		9F93577527F718EA007B54B5 /* Assets.xcassets */ = {isa = PBXFileReference; lastKnownFileType = folder.assetcatalog; path = Assets.xcassets; sourceTree = "<group>"; };
		9F93577827F718EA007B54B5 /* Base */ = {isa = PBXFileReference; lastKnownFileType = file.storyboard; name = Base; path = Base.lproj/LaunchScreen.storyboard; sourceTree = "<group>"; };
		9F93577A27F718EA007B54B5 /* Info.plist */ = {isa = PBXFileReference; lastKnownFileType = text.plist.xml; path = Info.plist; sourceTree = "<group>"; };
		9FA26B3227FAFA5A00010907 /* some.swift */ = {isa = PBXFileReference; lastKnownFileType = sourcecode.swift; path = some.swift; sourceTree = "<group>"; };
/* End PBXFileReference section */

/* Begin PBXFrameworksBuildPhase section */
		9F93576627F718E8007B54B5 /* Frameworks */ = {
			isa = PBXFrameworksBuildPhase;
			buildActionMask = 2147483647;
			files = (
			);
			runOnlyForDeploymentPostprocessing = 0;
		};
/* End PBXFrameworksBuildPhase section */

/* Begin PBXGroup section */
		9F12AC6B27FB5B6D0099337B /* Cells */ = {
			isa = PBXGroup;
			children = (
				9F12AC7827FDC5040099337B /* MainViewCell.swift */,
				9F12AC7927FDC5040099337B /* MainViewCell.xib */,
				9F12ACDA280305260099337B /* GenreViewCell.swift */,
				9F12ACEA2806D8BA0099337B /* GenreListCell.swift */,
				9F12ACF028109DA00099337B /* GenreListFooterCell.swift */,
				9F12AD00281832A70099337B /* ActorsListViewCell.swift */,
			);
			path = Cells;
			sourceTree = "<group>";
		};
		9F12ACDE2804BF970099337B /* Storage */ = {
			isa = PBXGroup;
			children = (
				9F12ACDF2804BFB10099337B /* Genre.swift */,
			);
			path = Storage;
			sourceTree = "<group>";
		};
		9F12ACE32806A1440099337B /* Managers */ = {
			isa = PBXGroup;
			children = (
				9F12ACE42806A16B0099337B /* NetworkGenresManager.swift */,
				9F12ACFE281824A20099337B /* NetworkActorManager.swift */,
			);
			path = Managers;
			sourceTree = "<group>";
		};
		9F12ACF4281347490099337B /* Actor View Controllers */ = {
			isa = PBXGroup;
			children = (
				9F12ACF5281347AB0099337B /* ActorSearchViewController.swift */,
				9F12ACF728172B250099337B /* ActorListViewController.swift */,
				9F1C0BD32819864C006B24A2 /* ActorFilmsViewController.swift */,
			);
			path = "Actor View Controllers";
			sourceTree = "<group>";
		};
		9F12ACF9281822DC0099337B /* Models */ = {
			isa = PBXGroup;
			children = (
				9F12ACE62806A2550099337B /* GenresData.swift */,
				9F12ACFA281822FB0099337B /* ActorsData.swift */,
			);
			path = Models;
			sourceTree = "<group>";
		};
		9F93576027F718E8007B54B5 = {
			isa = PBXGroup;
			children = (
				9F93576B27F718E8007B54B5 /* MovieChooser */,
				9F93576A27F718E8007B54B5 /* Products */,
			);
			sourceTree = "<group>";
		};
		9F93576A27F718E8007B54B5 /* Products */ = {
			isa = PBXGroup;
			children = (
				9F93576927F718E8007B54B5 /* MovieChooser.app */,
			);
			name = Products;
			sourceTree = "<group>";
		};
		9F93576B27F718E8007B54B5 /* MovieChooser */ = {
			isa = PBXGroup;
			children = (
				9F12ACF9281822DC0099337B /* Models */,
				9F12ACE32806A1440099337B /* Managers */,
				9F12ACDE2804BF970099337B /* Storage */,
				9F12AC6B27FB5B6D0099337B /* Cells */,
				9FA26B3527FB014000010907 /* Views */,
				9F93578327F72187007B54B5 /* Storyboards */,
				9F12AC6E27FC3F910099337B /* MainCollectionViewController.swift */,
				9F12ACF4281347490099337B /* Actor View Controllers */,
				9F93578227F72171007B54B5 /* Genre View Controllers */,
				9F93578127F72159007B54B5 /* Resources */,
				9F93578027F72139007B54B5 /* Supporting Files */,
			);
			path = MovieChooser;
			sourceTree = "<group>";
		};
		9F93578027F72139007B54B5 /* Supporting Files */ = {
			isa = PBXGroup;
			children = (
				9F93576C27F718E8007B54B5 /* AppDelegate.swift */,
				9F93576E27F718E8007B54B5 /* SceneDelegate.swift */,
				9F93577A27F718EA007B54B5 /* Info.plist */,
			);
			path = "Supporting Files";
			sourceTree = "<group>";
		};
		9F93578127F72159007B54B5 /* Resources */ = {
			isa = PBXGroup;
			children = (
				9FA26B3227FAFA5A00010907 /* some.swift */,
				9F93577527F718EA007B54B5 /* Assets.xcassets */,
			);
			path = Resources;
			sourceTree = "<group>";
		};
		9F93578227F72171007B54B5 /* Genre View Controllers */ = {
			isa = PBXGroup;
			children = (
				9F12ACD02801C5260099337B /* GenreTableViewController.swift */,
				9F12ACDC28036CAF0099337B /* GenreListViewController.swift */,
				9F12ACF228109F270099337B /* FilmDetailViewController.swift */,
			);
			path = "Genre View Controllers";
			sourceTree = "<group>";
		};
		9F93578327F72187007B54B5 /* Storyboards */ = {
			isa = PBXGroup;
			children = (
				9F93577727F718EA007B54B5 /* LaunchScreen.storyboard */,
				9F93577227F718E8007B54B5 /* Main.storyboard */,
			);
			path = Storyboards;
			sourceTree = "<group>";
		};
		9FA26B3527FB014000010907 /* Views */ = {
			isa = PBXGroup;
			children = (
				9F12ACEE280D9E050099337B /* LoadingView.swift */,
				9F12ACFC281824780099337B /* MainButton.swift */,
			);
			path = Views;
			sourceTree = "<group>";
		};
/* End PBXGroup section */

/* Begin PBXNativeTarget section */
		9F93576827F718E8007B54B5 /* MovieChooser */ = {
			isa = PBXNativeTarget;
			buildConfigurationList = 9F93577D27F718EA007B54B5 /* Build configuration list for PBXNativeTarget "MovieChooser" */;
			buildPhases = (
				9F93576527F718E8007B54B5 /* Sources */,
				9F93576627F718E8007B54B5 /* Frameworks */,
				9F93576727F718E8007B54B5 /* Resources */,
			);
			buildRules = (
			);
			dependencies = (
			);
			name = MovieChooser;
			productName = MovieChooser;
			productReference = 9F93576927F718E8007B54B5 /* MovieChooser.app */;
			productType = "com.apple.product-type.application";
		};
/* End PBXNativeTarget section */

/* Begin PBXProject section */
		9F93576127F718E8007B54B5 /* Project object */ = {
			isa = PBXProject;
			attributes = {
				BuildIndependentTargetsInParallel = 1;
				LastSwiftUpdateCheck = 1330;
				LastUpgradeCheck = 1330;
				TargetAttributes = {
					9F93576827F718E8007B54B5 = {
						CreatedOnToolsVersion = 13.3;
					};
				};
			};
			buildConfigurationList = 9F93576427F718E8007B54B5 /* Build configuration list for PBXProject "MovieChooser" */;
			compatibilityVersion = "Xcode 13.0";
			developmentRegion = en;
			hasScannedForEncodings = 0;
			knownRegions = (
				en,
				Base,
			);
			mainGroup = 9F93576027F718E8007B54B5;
			productRefGroup = 9F93576A27F718E8007B54B5 /* Products */;
			projectDirPath = "";
			projectRoot = "";
			targets = (
				9F93576827F718E8007B54B5 /* MovieChooser */,
			);
		};
/* End PBXProject section */

/* Begin PBXResourcesBuildPhase section */
		9F93576727F718E8007B54B5 /* Resources */ = {
			isa = PBXResourcesBuildPhase;
			buildActionMask = 2147483647;
			files = (
				9F93577927F718EA007B54B5 /* LaunchScreen.storyboard in Resources */,
				9F93577627F718EA007B54B5 /* Assets.xcassets in Resources */,
				9F93577427F718E8007B54B5 /* Main.storyboard in Resources */,
				9F12AC7B27FDC5040099337B /* MainViewCell.xib in Resources */,
			);
			runOnlyForDeploymentPostprocessing = 0;
		};
/* End PBXResourcesBuildPhase section */

/* Begin PBXSourcesBuildPhase section */
		9F93576527F718E8007B54B5 /* Sources */ = {
			isa = PBXSourcesBuildPhase;
			buildActionMask = 2147483647;
			files = (
				9F12ACEB2806D8BA0099337B /* GenreListCell.swift in Sources */,
				9F12AD01281832A70099337B /* ActorsListViewCell.swift in Sources */,
				9FA26B3327FAFA5A00010907 /* some.swift in Sources */,
				9F12ACE52806A16B0099337B /* NetworkGenresManager.swift in Sources */,
				9F12ACF328109F280099337B /* FilmDetailViewController.swift in Sources */,
				9F12ACDB280305260099337B /* GenreViewCell.swift in Sources */,
				9F1C0BD42819864C006B24A2 /* ActorFilmsViewController.swift in Sources */,
				9F12ACFB281822FB0099337B /* ActorsData.swift in Sources */,
				9F12ACFF281824A20099337B /* NetworkActorManager.swift in Sources */,
				9F93576D27F718E8007B54B5 /* AppDelegate.swift in Sources */,
				9F12ACEF280D9E050099337B /* LoadingView.swift in Sources */,
				9F93576F27F718E8007B54B5 /* SceneDelegate.swift in Sources */,
				9F12ACF128109DA00099337B /* GenreListFooterCell.swift in Sources */,
				9F12ACE72806A2550099337B /* GenresData.swift in Sources */,
				9F12ACF828172B260099337B /* ActorListViewController.swift in Sources */,
				9F12ACDD28036CAF0099337B /* GenreListViewController.swift in Sources */,
				9F12ACF6281347AB0099337B /* ActorSearchViewController.swift in Sources */,
				9F12ACFD281824780099337B /* MainButton.swift in Sources */,
				9F12AC7A27FDC5040099337B /* MainViewCell.swift in Sources */,
				9F12ACD12801C5260099337B /* GenreTableViewController.swift in Sources */,
				9F12AC6F27FC3F910099337B /* MainCollectionViewController.swift in Sources */,
				9F12ACE02804BFB10099337B /* Genre.swift in Sources */,
			);
			runOnlyForDeploymentPostprocessing = 0;
		};
/* End PBXSourcesBuildPhase section */

/* Begin PBXVariantGroup section */
		9F93577227F718E8007B54B5 /* Main.storyboard */ = {
			isa = PBXVariantGroup;
			children = (
				9F93577327F718E8007B54B5 /* Base */,
			);
			name = Main.storyboard;
			sourceTree = "<group>";
		};
		9F93577727F718EA007B54B5 /* LaunchScreen.storyboard */ = {
			isa = PBXVariantGroup;
			children = (
				9F93577827F718EA007B54B5 /* Base */,
			);
			name = LaunchScreen.storyboard;
			sourceTree = "<group>";
		};
/* End PBXVariantGroup section */

/* Begin XCBuildConfiguration section */
		9F93577B27F718EA007B54B5 /* Debug */ = {
			isa = XCBuildConfiguration;
			buildSettings = {
				ALWAYS_SEARCH_USER_PATHS = NO;
				CLANG_ANALYZER_NONNULL = YES;
				CLANG_ANALYZER_NUMBER_OBJECT_CONVERSION = YES_AGGRESSIVE;
				CLANG_CXX_LANGUAGE_STANDARD = "gnu++17";
				CLANG_ENABLE_MODULES = YES;
				CLANG_ENABLE_OBJC_ARC = YES;
				CLANG_ENABLE_OBJC_WEAK = YES;
				CLANG_WARN_BLOCK_CAPTURE_AUTORELEASING = YES;
				CLANG_WARN_BOOL_CONVERSION = YES;
				CLANG_WARN_COMMA = YES;
				CLANG_WARN_CONSTANT_CONVERSION = YES;
				CLANG_WARN_DEPRECATED_OBJC_IMPLEMENTATIONS = YES;
				CLANG_WARN_DIRECT_OBJC_ISA_USAGE = YES_ERROR;
				CLANG_WARN_DOCUMENTATION_COMMENTS = YES;
				CLANG_WARN_EMPTY_BODY = YES;
				CLANG_WARN_ENUM_CONVERSION = YES;
				CLANG_WARN_INFINITE_RECURSION = YES;
				CLANG_WARN_INT_CONVERSION = YES;
				CLANG_WARN_NON_LITERAL_NULL_CONVERSION = YES;
				CLANG_WARN_OBJC_IMPLICIT_RETAIN_SELF = YES;
				CLANG_WARN_OBJC_LITERAL_CONVERSION = YES;
				CLANG_WARN_OBJC_ROOT_CLASS = YES_ERROR;
				CLANG_WARN_QUOTED_INCLUDE_IN_FRAMEWORK_HEADER = YES;
				CLANG_WARN_RANGE_LOOP_ANALYSIS = YES;
				CLANG_WARN_STRICT_PROTOTYPES = YES;
				CLANG_WARN_SUSPICIOUS_MOVE = YES;
				CLANG_WARN_UNGUARDED_AVAILABILITY = YES_AGGRESSIVE;
				CLANG_WARN_UNREACHABLE_CODE = YES;
				CLANG_WARN__DUPLICATE_METHOD_MATCH = YES;
				COPY_PHASE_STRIP = NO;
				DEBUG_INFORMATION_FORMAT = dwarf;
				ENABLE_STRICT_OBJC_MSGSEND = YES;
				ENABLE_TESTABILITY = YES;
				GCC_C_LANGUAGE_STANDARD = gnu11;
				GCC_DYNAMIC_NO_PIC = NO;
				GCC_NO_COMMON_BLOCKS = YES;
				GCC_OPTIMIZATION_LEVEL = 0;
				GCC_PREPROCESSOR_DEFINITIONS = (
					"DEBUG=1",
					"$(inherited)",
				);
				GCC_WARN_64_TO_32_BIT_CONVERSION = YES;
				GCC_WARN_ABOUT_RETURN_TYPE = YES_ERROR;
				GCC_WARN_UNDECLARED_SELECTOR = YES;
				GCC_WARN_UNINITIALIZED_AUTOS = YES_AGGRESSIVE;
				GCC_WARN_UNUSED_FUNCTION = YES;
				GCC_WARN_UNUSED_VARIABLE = YES;
				IPHONEOS_DEPLOYMENT_TARGET = 15.4;
				MTL_ENABLE_DEBUG_INFO = INCLUDE_SOURCE;
				MTL_FAST_MATH = YES;
				ONLY_ACTIVE_ARCH = YES;
				SDKROOT = iphoneos;
				SWIFT_ACTIVE_COMPILATION_CONDITIONS = DEBUG;
				SWIFT_OPTIMIZATION_LEVEL = "-Onone";
			};
			name = Debug;
		};
		9F93577C27F718EA007B54B5 /* Release */ = {
			isa = XCBuildConfiguration;
			buildSettings = {
				ALWAYS_SEARCH_USER_PATHS = NO;
				CLANG_ANALYZER_NONNULL = YES;
				CLANG_ANALYZER_NUMBER_OBJECT_CONVERSION = YES_AGGRESSIVE;
				CLANG_CXX_LANGUAGE_STANDARD = "gnu++17";
				CLANG_ENABLE_MODULES = YES;
				CLANG_ENABLE_OBJC_ARC = YES;
				CLANG_ENABLE_OBJC_WEAK = YES;
				CLANG_WARN_BLOCK_CAPTURE_AUTORELEASING = YES;
				CLANG_WARN_BOOL_CONVERSION = YES;
				CLANG_WARN_COMMA = YES;
				CLANG_WARN_CONSTANT_CONVERSION = YES;
				CLANG_WARN_DEPRECATED_OBJC_IMPLEMENTATIONS = YES;
				CLANG_WARN_DIRECT_OBJC_ISA_USAGE = YES_ERROR;
				CLANG_WARN_DOCUMENTATION_COMMENTS = YES;
				CLANG_WARN_EMPTY_BODY = YES;
				CLANG_WARN_ENUM_CONVERSION = YES;
				CLANG_WARN_INFINITE_RECURSION = YES;
				CLANG_WARN_INT_CONVERSION = YES;
				CLANG_WARN_NON_LITERAL_NULL_CONVERSION = YES;
				CLANG_WARN_OBJC_IMPLICIT_RETAIN_SELF = YES;
				CLANG_WARN_OBJC_LITERAL_CONVERSION = YES;
				CLANG_WARN_OBJC_ROOT_CLASS = YES_ERROR;
				CLANG_WARN_QUOTED_INCLUDE_IN_FRAMEWORK_HEADER = YES;
				CLANG_WARN_RANGE_LOOP_ANALYSIS = YES;
				CLANG_WARN_STRICT_PROTOTYPES = YES;
				CLANG_WARN_SUSPICIOUS_MOVE = YES;
				CLANG_WARN_UNGUARDED_AVAILABILITY = YES_AGGRESSIVE;
				CLANG_WARN_UNREACHABLE_CODE = YES;
				CLANG_WARN__DUPLICATE_METHOD_MATCH = YES;
				COPY_PHASE_STRIP = NO;
				DEBUG_INFORMATION_FORMAT = "dwarf-with-dsym";
				ENABLE_NS_ASSERTIONS = NO;
				ENABLE_STRICT_OBJC_MSGSEND = YES;
				GCC_C_LANGUAGE_STANDARD = gnu11;
				GCC_NO_COMMON_BLOCKS = YES;
				GCC_WARN_64_TO_32_BIT_CONVERSION = YES;
				GCC_WARN_ABOUT_RETURN_TYPE = YES_ERROR;
				GCC_WARN_UNDECLARED_SELECTOR = YES;
				GCC_WARN_UNINITIALIZED_AUTOS = YES_AGGRESSIVE;
				GCC_WARN_UNUSED_FUNCTION = YES;
				GCC_WARN_UNUSED_VARIABLE = YES;
				IPHONEOS_DEPLOYMENT_TARGET = 15.4;
				MTL_ENABLE_DEBUG_INFO = NO;
				MTL_FAST_MATH = YES;
				SDKROOT = iphoneos;
				SWIFT_COMPILATION_MODE = wholemodule;
				SWIFT_OPTIMIZATION_LEVEL = "-O";
				VALIDATE_PRODUCT = YES;
			};
			name = Release;
		};
		9F93577E27F718EA007B54B5 /* Debug */ = {
			isa = XCBuildConfiguration;
			buildSettings = {
				ASSETCATALOG_COMPILER_APPICON_NAME = AppIcon;
				ASSETCATALOG_COMPILER_GLOBAL_ACCENT_COLOR_NAME = AccentColor;
				CODE_SIGN_STYLE = Automatic;
				CURRENT_PROJECT_VERSION = 1;
				DEVELOPMENT_TEAM = 96QG56R7V3;
				GENERATE_INFOPLIST_FILE = YES;
				INFOPLIST_FILE = "MovieChooser/Supporting Files/Info.plist";
				INFOPLIST_KEY_UIApplicationSupportsIndirectInputEvents = YES;
				INFOPLIST_KEY_UILaunchStoryboardName = LaunchScreen;
				INFOPLIST_KEY_UIMainStoryboardFile = Main;
				INFOPLIST_KEY_UISupportedInterfaceOrientations_iPad = "UIInterfaceOrientationPortrait UIInterfaceOrientationPortraitUpsideDown UIInterfaceOrientationLandscapeLeft UIInterfaceOrientationLandscapeRight";
				INFOPLIST_KEY_UISupportedInterfaceOrientations_iPhone = "UIInterfaceOrientationPortrait UIInterfaceOrientationLandscapeLeft UIInterfaceOrientationLandscapeRight";
				LD_RUNPATH_SEARCH_PATHS = (
					"$(inherited)",
					"@executable_path/Frameworks",
				);
				MARKETING_VERSION = 1.0;
				PRODUCT_BUNDLE_IDENTIFIER = LyubovMenshikova.MovieChooser;
				PRODUCT_NAME = "$(TARGET_NAME)";
				SWIFT_EMIT_LOC_STRINGS = YES;
				SWIFT_VERSION = 5.0;
				TARGETED_DEVICE_FAMILY = "1,2";
			};
			name = Debug;
		};
		9F93577F27F718EA007B54B5 /* Release */ = {
			isa = XCBuildConfiguration;
			buildSettings = {
				ASSETCATALOG_COMPILER_APPICON_NAME = AppIcon;
				ASSETCATALOG_COMPILER_GLOBAL_ACCENT_COLOR_NAME = AccentColor;
				CODE_SIGN_STYLE = Automatic;
				CURRENT_PROJECT_VERSION = 1;
				DEVELOPMENT_TEAM = 96QG56R7V3;
				GENERATE_INFOPLIST_FILE = YES;
				INFOPLIST_FILE = "MovieChooser/Supporting Files/Info.plist";
				INFOPLIST_KEY_UIApplicationSupportsIndirectInputEvents = YES;
				INFOPLIST_KEY_UILaunchStoryboardName = LaunchScreen;
				INFOPLIST_KEY_UIMainStoryboardFile = Main;
				INFOPLIST_KEY_UISupportedInterfaceOrientations_iPad = "UIInterfaceOrientationPortrait UIInterfaceOrientationPortraitUpsideDown UIInterfaceOrientationLandscapeLeft UIInterfaceOrientationLandscapeRight";
				INFOPLIST_KEY_UISupportedInterfaceOrientations_iPhone = "UIInterfaceOrientationPortrait UIInterfaceOrientationLandscapeLeft UIInterfaceOrientationLandscapeRight";
				LD_RUNPATH_SEARCH_PATHS = (
					"$(inherited)",
					"@executable_path/Frameworks",
				);
				MARKETING_VERSION = 1.0;
				PRODUCT_BUNDLE_IDENTIFIER = LyubovMenshikova.MovieChooser;
				PRODUCT_NAME = "$(TARGET_NAME)";
				SWIFT_EMIT_LOC_STRINGS = YES;
				SWIFT_VERSION = 5.0;
				TARGETED_DEVICE_FAMILY = "1,2";
			};
			name = Release;
		};
/* End XCBuildConfiguration section */

/* Begin XCConfigurationList section */
		9F93576427F718E8007B54B5 /* Build configuration list for PBXProject "MovieChooser" */ = {
			isa = XCConfigurationList;
			buildConfigurations = (
				9F93577B27F718EA007B54B5 /* Debug */,
				9F93577C27F718EA007B54B5 /* Release */,
			);
			defaultConfigurationIsVisible = 0;
			defaultConfigurationName = Release;
		};
		9F93577D27F718EA007B54B5 /* Build configuration list for PBXNativeTarget "MovieChooser" */ = {
			isa = XCConfigurationList;
			buildConfigurations = (
				9F93577E27F718EA007B54B5 /* Debug */,
				9F93577F27F718EA007B54B5 /* Release */,
			);
			defaultConfigurationIsVisible = 0;
			defaultConfigurationName = Release;
		};
/* End XCConfigurationList section */
	};
	rootObject = 9F93576127F718E8007B54B5 /* Project object */;
}
